dependencies:
- name: kube-prometheus-stack
  repository: https://prometheus-community.github.io/helm-charts
  version: 78.5.0
- name: loki-stack
  repository: https://grafana.github.io/helm-charts
  version: 2.10.2
- name: alloy
  repository: https://grafana.github.io/helm-charts
  version: 1.3.1
digest: sha256:754d53ef35df7e821629e579e5be3821bcb13635cfab1e159d167b533f98c07b
generated: "2025-10-25T17:28:54.177382+05:30"
